
Microsoft Visual Studio Solution File, Format Version 12.00
# Visual Studio 2017
Project("{FAE04EC0-301F-11D3-BF4B-00C04F79EFBC}") = "Project---Kaiser-2.0.Plugins", "Project---Kaiser-2.0.Plugins.csproj", "{3E9D24AF-BCF5-49ED-1B24-A032A77699C8}"
EndProject
Project("{FAE04EC0-301F-11D3-BF4B-00C04F79EFBC}") = "Project---Kaiser-2.0", "Project---Kaiser-2.0.csproj", "{D770F6AC-ED64-6388-4994-1C4484511F6B}"
EndProject
Project("{FAE04EC0-301F-11D3-BF4B-00C04F79EFBC}") = "Project---Kaiser-2.0.Editor.Plugins", "Project---Kaiser-2.0.Editor.Plugins.csproj", "{7542A266-F53C-8C70-0AF6-6BE9884E06F3}"
EndProject
Global
	GlobalSection(SolutionConfigurationPlatforms) = preSolution
		Debug|Any CPU = Debug|Any CPU
		Release|Any CPU = Release|Any CPU
	EndGlobalSection
	GlobalSection(ProjectConfigurationPlatforms) = postSolution
		{3E9D24AF-BCF5-49ED-1B24-A032A77699C8}.Debug|Any CPU.ActiveCfg = Debug|Any CPU
		{3E9D24AF-BCF5-49ED-1B24-A032A77699C8}.Debug|Any CPU.Build.0 = Debug|Any CPU
		{3E9D24AF-BCF5-49ED-1B24-A032A77699C8}.Release|Any CPU.ActiveCfg = Release|Any CPU
		{3E9D24AF-BCF5-49ED-1B24-A032A77699C8}.Release|Any CPU.Build.0 = Release|Any CPU
		{D770F6AC-ED64-6388-4994-1C4484511F6B}.Debug|Any CPU.ActiveCfg = Debug|Any CPU
		{D770F6AC-ED64-6388-4994-1C4484511F6B}.Debug|Any CPU.Build.0 = Debug|Any CPU
		{D770F6AC-ED64-6388-4994-1C4484511F6B}.Release|Any CPU.ActiveCfg = Release|Any CPU
		{D770F6AC-ED64-6388-4994-1C4484511F6B}.Release|Any CPU.Build.0 = Release|Any CPU
		{7542A266-F53C-8C70-0AF6-6BE9884E06F3}.Debug|Any CPU.ActiveCfg = Debug|Any CPU
		{7542A266-F53C-8C70-0AF6-6BE9884E06F3}.Debug|Any CPU.Build.0 = Debug|Any CPU
		{7542A266-F53C-8C70-0AF6-6BE9884E06F3}.Release|Any CPU.ActiveCfg = Release|Any CPU
		{7542A266-F53C-8C70-0AF6-6BE9884E06F3}.Release|Any CPU.Build.0 = Release|Any CPU
	EndGlobalSection
	GlobalSection(SolutionProperties) = preSolution
		HideSolutionNode = FALSE
	EndGlobalSection
EndGlobal
